
Microsoft Visual Studio Solution File, Format Version 12.00
# Visual Studio Version 16
VisualStudioVersion = 16.0.34114.132
MinimumVisualStudioVersion = 10.0.40219.1
Project("{FAE04EC0-301F-11D3-BF4B-00C04F79EFBC}") = "Hotel Booking System", "Hotel Booking System\Hotel Booking System.csproj", "{B5B53228-7D6F-4D97-B2AE-02D7F521EF62}"
EndProject
Global
	GlobalSection(SolutionConfigurationPlatforms) = preSolution
		Debug|Any CPU = Debug|Any CPU
		Release|Any CPU = Release|Any CPU
	EndGlobalSection
	GlobalSection(ProjectConfigurationPlatforms) = postSolution
		{B5B53228-7D6F-4D97-B2AE-02D7F521EF62}.Debug|Any CPU.ActiveCfg = Debug|Any CPU
		{B5B53228-7D6F-4D97-B2AE-02D7F521EF62}.Debug|Any CPU.Build.0 = Debug|Any CPU
		{B5B53228-7D6F-4D97-B2AE-02D7F521EF62}.Release|Any CPU.ActiveCfg = Release|Any CPU
		{B5B53228-7D6F-4D97-B2AE-02D7F521EF62}.Release|Any CPU.Build.0 = Release|Any CPU
	EndGlobalSection
	GlobalSection(SolutionProperties) = preSolution
		HideSolutionNode = FALSE
	EndGlobalSection
	GlobalSection(ExtensibilityGlobals) = postSolution
		SolutionGuid = {0F55D970-BFC2-4E8B-812C-E8B6F85BDA90}
	EndGlobalSection
EndGlobal
